
Microsoft Visual Studio Solution File, Format Version 12.00
# Visual Studio Version 17
VisualStudioVersion = 17.6.33815.320
MinimumVisualStudioVersion = 10.0.40219.1
Project("{9A19103F-16F7-4668-BE54-9A1E7A4F7556}") = "WebService.Model", "WebService.Model\WebService.Model.csproj", "{C913BE78-018F-4CB9-BA6E-F9A4459CD422}"
EndProject
Project("{9A19103F-16F7-4668-BE54-9A1E7A4F7556}") = "WebService.DataAccessLayer", "WebService.DataAccessLayer\WebService.DataAccessLayer.csproj", "{BECB3426-CD01-46DD-BC7A-8E72FDC496DD}"
EndProject
Project("{9A19103F-16F7-4668-BE54-9A1E7A4F7556}") = "WebService.BusinessLayer", "WebService.BusinessLayer\WebService.BusinessLayer.csproj", "{AD36B108-26BC-4B5C-BB7B-D3D4A88B9346}"
EndProject
Project("{9A19103F-16F7-4668-BE54-9A1E7A4F7556}") = "WebService.API", "WebService.API\WebService.API.csproj", "{A4FF5FF6-DEA8-4984-B2B5-15CC62149960}"
EndProject
Project("{FAE04EC0-301F-11D3-BF4B-00C04F79EFBC}") = "Infrastructure", "Infrastructure\Infrastructure.csproj", "{EDD1E048-CD94-495C-A023-883D9B9AC0BE}"
EndProject
Global
	GlobalSection(SolutionConfigurationPlatforms) = preSolution
		Debug|Any CPU = Debug|Any CPU
		Release|Any CPU = Release|Any CPU
	EndGlobalSection
	GlobalSection(ProjectConfigurationPlatforms) = postSolution
		{C913BE78-018F-4CB9-BA6E-F9A4459CD422}.Debug|Any CPU.ActiveCfg = Debug|Any CPU
		{C913BE78-018F-4CB9-BA6E-F9A4459CD422}.Debug|Any CPU.Build.0 = Debug|Any CPU
		{C913BE78-018F-4CB9-BA6E-F9A4459CD422}.Release|Any CPU.ActiveCfg = Release|Any CPU
		{C913BE78-018F-4CB9-BA6E-F9A4459CD422}.Release|Any CPU.Build.0 = Release|Any CPU
		{BECB3426-CD01-46DD-BC7A-8E72FDC496DD}.Debug|Any CPU.ActiveCfg = Debug|Any CPU
		{BECB3426-CD01-46DD-BC7A-8E72FDC496DD}.Debug|Any CPU.Build.0 = Debug|Any CPU
		{BECB3426-CD01-46DD-BC7A-8E72FDC496DD}.Release|Any CPU.ActiveCfg = Release|Any CPU
		{BECB3426-CD01-46DD-BC7A-8E72FDC496DD}.Release|Any CPU.Build.0 = Release|Any CPU
		{AD36B108-26BC-4B5C-BB7B-D3D4A88B9346}.Debug|Any CPU.ActiveCfg = Debug|Any CPU
		{AD36B108-26BC-4B5C-BB7B-D3D4A88B9346}.Debug|Any CPU.Build.0 = Debug|Any CPU
		{AD36B108-26BC-4B5C-BB7B-D3D4A88B9346}.Release|Any CPU.ActiveCfg = Release|Any CPU
		{AD36B108-26BC-4B5C-BB7B-D3D4A88B9346}.Release|Any CPU.Build.0 = Release|Any CPU
		{A4FF5FF6-DEA8-4984-B2B5-15CC62149960}.Debug|Any CPU.ActiveCfg = Debug|Any CPU
		{A4FF5FF6-DEA8-4984-B2B5-15CC62149960}.Debug|Any CPU.Build.0 = Debug|Any CPU
		{A4FF5FF6-DEA8-4984-B2B5-15CC62149960}.Release|Any CPU.ActiveCfg = Release|Any CPU
		{A4FF5FF6-DEA8-4984-B2B5-15CC62149960}.Release|Any CPU.Build.0 = Release|Any CPU
		{EDD1E048-CD94-495C-A023-883D9B9AC0BE}.Debug|Any CPU.ActiveCfg = Debug|Any CPU
		{EDD1E048-CD94-495C-A023-883D9B9AC0BE}.Debug|Any CPU.Build.0 = Debug|Any CPU
		{EDD1E048-CD94-495C-A023-883D9B9AC0BE}.Release|Any CPU.ActiveCfg = Release|Any CPU
		{EDD1E048-CD94-495C-A023-883D9B9AC0BE}.Release|Any CPU.Build.0 = Release|Any CPU
	EndGlobalSection
	GlobalSection(SolutionProperties) = preSolution
		HideSolutionNode = FALSE
	EndGlobalSection
	GlobalSection(ExtensibilityGlobals) = postSolution
		SolutionGuid = {D80A1310-392B-4F03-915F-762777B33EDE}
	EndGlobalSection
EndGlobal
